
Microsoft Visual Studio Solution File, Format Version 12.00
# Visual Studio Version 16
VisualStudioVersion = 16.0.29911.84
MinimumVisualStudioVersion = 10.0.40219.1
Project("{FAE04EC0-301F-11D3-BF4B-00C04F79EFBC}") = "Internship", "Internship\Internship.csproj", "{F239DF81-7943-439C-9446-8413B1F81B63}"
EndProject
Global
	GlobalSection(SolutionConfigurationPlatforms) = preSolution
		Debug|Any CPU = Debug|Any CPU
		Release|Any CPU = Release|Any CPU
	EndGlobalSection
	GlobalSection(ProjectConfigurationPlatforms) = postSolution
		{F239DF81-7943-439C-9446-8413B1F81B63}.Debug|Any CPU.ActiveCfg = Debug|Any CPU
		{F239DF81-7943-439C-9446-8413B1F81B63}.Debug|Any CPU.Build.0 = Debug|Any CPU
		{F239DF81-7943-439C-9446-8413B1F81B63}.Release|Any CPU.ActiveCfg = Release|Any CPU
		{F239DF81-7943-439C-9446-8413B1F81B63}.Release|Any CPU.Build.0 = Release|Any CPU
	EndGlobalSection
	GlobalSection(SolutionProperties) = preSolution
		HideSolutionNode = FALSE
	EndGlobalSection
	GlobalSection(ExtensibilityGlobals) = postSolution
		SolutionGuid = {D124A3AA-D77F-46AB-A8FD-99DDAA92B82A}
	EndGlobalSection
EndGlobal
