
Microsoft Visual Studio Solution File, Format Version 12.00
# Visual Studio 15
VisualStudioVersion = 15.0.27130.2036
MinimumVisualStudioVersion = 10.0.40219.1
Project("{FAE04EC0-301F-11D3-BF4B-00C04F79EFBC}") = "ToyLanguageInterpretor", "ToyLanguageInterpretor\ToyLanguageInterpretor.csproj", "{18F551E5-F2A2-4D6D-9B97-4ADAA964D826}"
EndProject
Global
	GlobalSection(SolutionConfigurationPlatforms) = preSolution
		Debug|Any CPU = Debug|Any CPU
		Release|Any CPU = Release|Any CPU
	EndGlobalSection
	GlobalSection(ProjectConfigurationPlatforms) = postSolution
		{18F551E5-F2A2-4D6D-9B97-4ADAA964D826}.Debug|Any CPU.ActiveCfg = Debug|Any CPU
		{18F551E5-F2A2-4D6D-9B97-4ADAA964D826}.Debug|Any CPU.Build.0 = Debug|Any CPU
		{18F551E5-F2A2-4D6D-9B97-4ADAA964D826}.Release|Any CPU.ActiveCfg = Release|Any CPU
		{18F551E5-F2A2-4D6D-9B97-4ADAA964D826}.Release|Any CPU.Build.0 = Release|Any CPU
	EndGlobalSection
	GlobalSection(SolutionProperties) = preSolution
		HideSolutionNode = FALSE
	EndGlobalSection
	GlobalSection(ExtensibilityGlobals) = postSolution
		SolutionGuid = {3B61D265-32AA-4181-A606-1EB2CE095CA2}
	EndGlobalSection
EndGlobal
